{
  "originHash" : "609a19fe224bdc07132a8dccb099599435a2b841c8eb5cb9af80c73aa9f2185f",
  "pins" : [
    {
      "identity" : "capacitor-swift-pm",
      "kind" : "remoteSourceControl",
      "location" : "https://github.com/ionic-team/capacitor-swift-pm.git",
      "state" : {
        "revision" : "1f324fe7bdbdc8c5cc28bea48a231545a8c2e823",
        "version" : "8.1.0"
      }
    },
    {
      "identity" : "ion-ios-filesystem",
      "kind" : "remoteSourceControl",
      "location" : "https://github.com/ionic-team/ion-ios-filesystem.git",
      "state" : {
        "revision" : "c35d468ded28a19e6322de8553c21578455aa554",
        "version" : "1.1.1"
      }
    }
  ],
  "version" : 3
}
